
Microsoft Visual Studio Solution File, Format Version 12.00
# Visual Studio Version 17
VisualStudioVersion = 17.0.32014.148
MinimumVisualStudioVersion = 10.0.40219.1
Project("{FAE04EC0-301F-11D3-BF4B-00C04F79EFBC}") = "SlackOverload", "SlackOverload\SlackOverload.csproj", "{E2241662-894A-41E8-A95D-B1E1F49C0906}"
EndProject
Global
	GlobalSection(SolutionConfigurationPlatforms) = preSolution
		Debug|Any CPU = Debug|Any CPU
		Release|Any CPU = Release|Any CPU
	EndGlobalSection
	GlobalSection(ProjectConfigurationPlatforms) = postSolution
		{E2241662-894A-41E8-A95D-B1E1F49C0906}.Debug|Any CPU.ActiveCfg = Debug|Any CPU
		{E2241662-894A-41E8-A95D-B1E1F49C0906}.Debug|Any CPU.Build.0 = Debug|Any CPU
		{E2241662-894A-41E8-A95D-B1E1F49C0906}.Release|Any CPU.ActiveCfg = Release|Any CPU
		{E2241662-894A-41E8-A95D-B1E1F49C0906}.Release|Any CPU.Build.0 = Release|Any CPU
	EndGlobalSection
	GlobalSection(SolutionProperties) = preSolution
		HideSolutionNode = FALSE
	EndGlobalSection
	GlobalSection(ExtensibilityGlobals) = postSolution
		SolutionGuid = {207A47BA-4509-4269-A1A6-5D3B4F5DE71B}
	EndGlobalSection
EndGlobal
